<?xml version="1.0" encoding="utf-8"?>
<Project ToolsVersion="4.0" xmlns="http://schemas.microsoft.com/developer/msbuild/2003">
  <ItemGroup>
    <Filter Include="Source Files">
      <UniqueIdentifier>{4FC737F1-C7A5-4376-A066-2A32D752A2FF}</UniqueIdentifier>
      <Extensions>cpp;c;cc;cxx;c++;cppm;ixx;def;odl;idl;hpj;bat;asm;asmx</Extensions>
    </Filter>
    <Filter Include="Header Files">
      <UniqueIdentifier>{93995380-89BD-4b04-88EB-625FBE52EBFB}</UniqueIdentifier>
      <Extensions>h;hh;hpp;hxx;h++;hm;inl;inc;ipp;xsd</Extensions>
    </Filter>
    <Filter Include="Resource Files">
      <UniqueIdentifier>{67DA6AB6-F800-4c08-8B7A-83BB121AAD01}</UniqueIdentifier>
      <Extensions>rc;ico;cur;bmp;dlg;rc2;rct;bin;rgs;gif;jpg;jpeg;jpe;resx;tiff;tif;png;wav;mfcribbon-ms</Extensions>
    </Filter>
    <Filter Include="Source Files\shaders">
      <UniqueIdentifier>{d66164d4-f663-4b02-a2a9-e51a57c6d9ec}</UniqueIdentifier>
    </Filter>
    <Filter Include="Source Files\shaders\glsl">
      <UniqueIdentifier>{3ee5bed0-670c-48d4-8ada-c7ada0c2ed56}</UniqueIdentifier>
    </Filter>
    <Filter Include="Source Files\shaders\bytecode">
      <UniqueIdentifier>{34f86efb-06d6-47c9-84ec-5dd7fd4cf7e1}</UniqueIdentifier>
    </Filter>
  </ItemGroup>
  <ItemGroup>
    <ClCompile Include="src\PsAi\main.cpp">
      <Filter>Source Files</Filter>
    </ClCompile>
    <ClCompile Include="src\PsAi\window.cpp">
      <Filter>Source Files</Filter>
    </ClCompile>
    <ClCompile Include="src\PsAi\application.cpp">
      <Filter>Source Files</Filter>
    </ClCompile>
    <ClCompile Include="src\PsAi\pipeline.cpp">
      <Filter>Source Files</Filter>
    </ClCompile>
    <ClCompile Include="src\PsAi\pch.cpp">
      <Filter>Source Files</Filter>
    </ClCompile>
  </ItemGroup>
  <ItemGroup>
    <ClInclude Include="src\PsAi\window.h">
      <Filter>Source Files</Filter>
    </ClInclude>
    <ClInclude Include="src\PsAi\application.h">
      <Filter>Source Files</Filter>
    </ClInclude>
    <ClInclude Include="src\PsAi\pipeline.h">
      <Filter>Header Files</Filter>
    </ClInclude>
    <ClInclude Include="src\PsAi\device.h">
      <Filter>Header Files</Filter>
    </ClInclude>
    <ClInclude Include="src\PsAi\pch.h">
      <Filter>Header Files</Filter>
    </ClInclude>
  </ItemGroup>
  <ItemGroup>
    <None Include="shaders\compile.bat">
      <Filter>Source Files\shaders</Filter>
    </None>
    <None Include="shaders\glsl\simple.frag">
      <Filter>Source Files\shaders\glsl</Filter>
    </None>
    <None Include="shaders\glsl\simple.vert">
      <Filter>Source Files\shaders\glsl</Filter>
    </None>
    <None Include="shaders\bytecode\simple.vert.spv">
      <Filter>Source Files\shaders\bytecode</Filter>
    </None>
    <None Include="shaders\bytecode\simple.frag.spv">
      <Filter>Source Files\shaders\bytecode</Filter>
    </None>
  </ItemGroup>
</Project>